github.com/SpaiR/imgui-go v1.12.1-0.20210323053519-2f3c470249fb h1:Opl/90c2/FrO4G8pH+QvBCIpRf8srXcXF3ohslEA+A8=
github.com/SpaiR/imgui-go v1.12.1-0.20210323053519-2f3c470249fb/go.mod h1:bzOQqDbRE58xRB4EGTlUrIhCTWxNvU7YtJckrFf+HpM=
github.com/SpaiR/imgui-go v1.12.1-0.20210814081514-c443597aff34 h1:cZeXkjhLtPzRPRSpHW9dpk1RAUeOOwYGC3MdIR4lUC8=
github.com/SpaiR/imgui-go v1.12.1-0.20210814081514-c443597aff34/go.mod h1:bzOQqDbRE58xRB4EGTlUrIhCTWxNvU7YtJckrFf+HpM=
github.com/SpaiR/imgui-go v1.12.1-0.20210814083056-819c472a5279 h1:din2vlzwidCUoJUxk9QIHo5zgejCYg82eEGzZfZDmvk=
github.com/SpaiR/imgui-go v1.12.1-0.20210814083056-819c472a5279/go.mod h1:bzOQqDbRE58xRB4EGTlUrIhCTWxNvU7YtJckrFf+HpM=
github.com/TheTitanrain/w32 v0.0.0-20180517000239-4f5cfb03fabf/go.mod h1:peYoMncQljjNS6tZwI9WVyQB3qZS6u79/N3mBOcnd3I=
github.com/TheTitanrain/w32 v0.0.0-20200114052255-2654d97dbd3d h1:2xp1BQbqcDDaikHnASWpVZRjibOxu7y9LhAv04whugI=
github.com/TheTitanrain/w32 v0.0.0-20200114052255-2654d97dbd3d/go.mod h1:peYoMncQljjNS6tZwI9WVyQB3qZS6u79/N3mBOcnd3I=
github.com/davecgh/go-spew v1.1.0 h1:ZDRjVQ15GmhC3fiQ8ni8+OwkZQO4DARzQgrnXU1Liz8=
github.com/davecgh/go-spew v1.1.0/go.mod h1:J7Y8YcW2NihsgmVo/mv3lAwl/skON4iLHjSsI+c5H38=
github.com/go-gl/gl v0.0.0-20210308051507-640c6464cf3e h1:hlGZ9V6EvtJe3XeitWx7ZWYu85fPn9lYBNtwY6MCvhc=
github.com/go-gl/gl v0.0.0-20210308051507-640c6464cf3e/go.mod h1:482civXOzJJCPzJ4ZOX/pwvXBWSnzD4OKMdH4ClKGbk=
github.com/go-gl/glfw/v3.3/glfw v0.0.0-20210307203918-211ecac01a39 h1:2qFWhzDGB9xbHSLzd8vcILKnH0iAJoKfwIzgOOUGUjI=
github.com/go-gl/glfw/v3.3/glfw v0.0.0-20210307203918-211ecac01a39/go.mod h1:tQ2UAYgL5IevRw8kRxooKSPJfGvJ9fJQFa0TUsXzTg8=
github.com/go-gl/mathgl v1.0.0 h1:t9DznWJlXxxjeeKLIdovCOVJQk/GzDEL7h/h+Ro2B68=
github.com/go-gl/mathgl v1.0.0/go.mod h1:yhpkQzEiH9yPyxDUGzkmgScbaBVlhC06qodikEM0ZwQ=
github.com/pmezard/go-difflib v1.0.0 h1:4DBwDE0NGyQoBHbLQYPwSUPoCMWR5BEzIk/f1lZbAQM=
github.com/pmezard/go-difflib v1.0.0/go.mod h1:iKH77koFhYxTK1pcRnkKkqfTogsbg7gZNVY4sRDYZ/4=
github.com/skratchdot/open-golang v0.0.0-20200116055534-eef842397966 h1:JIAuq3EEf9cgbU6AtGPK4CTG3Zf6CKMNqf0MHTggAUA=
github.com/skratchdot/open-golang v0.0.0-20200116055534-eef842397966/go.mod h1:sUM3LWHvSMaG192sy56D9F7CNvL7jUJVXoqM1QKLnog=
github.com/sqweek/dialog v0.0.0-20200911184034-8a3d98e8211d h1:Chay1rwJnXxI27H+pzu7P81BKf647un9GOoRPTdXN18=
github.com/sqweek/dialog v0.0.0-20200911184034-8a3d98e8211d/go.mod h1:/qNPSY91qTz/8TgHEMioAUc6q7+3SOybeKczHMXFcXw=
github.com/stretchr/objx v0.1.0/go.mod h1:HFkY916IF+rwdDfMAkV7OtwuqBVzrE8GR6GFx+wExME=
github.com/stretchr/testify v1.3.0 h1:TivCn/peBQ7UY8ooIcPgZFpTNSz0Q2U6UrFlUfqbe0Q=
github.com/stretchr/testify v1.3.0/go.mod h1:M5WIy9Dh21IEIfnGCwXGc5bZfKNJtfHm1UVUgZn+9EI=
golang.org/x/image v0.0.0-20190321063152-3fc05d484e9f/go.mod h1:kZ7UVZpmo3dzQBMxlp+ypCbDeSB+sBbTgSJuh5dn5js=
golang.org/x/image v0.0.0-20210220032944-ac19c3e999fb h1:fqpd0EBDzlHRCjiphRR5Zo/RSWWQlWv34418dnEixWk=
golang.org/x/image v0.0.0-20210220032944-ac19c3e999fb/go.mod h1:FeLwcggjj3mMvU+oOTbSwawSJRM1uh48EjtB4UJZlP0=
golang.org/x/text v0.3.0/go.mod h1:NqM8EUOU14njkJ3fqMW+pc6Ldnwhi/IjpwHt7yyuwOQ=
